
Microsoft Visual Studio Solution File, Format Version 12.00
Project("{FAE04EC0-301F-11D3-BF4B-00C04F79EFBC}") = "Day_1", "Day_1\Day_1.csproj", "{19B37B53-3BD5-4712-9EE1-CE02CC124448}"
EndProject
Project("{FAE04EC0-301F-11D3-BF4B-00C04F79EFBC}") = "Tests", "Tests\Tests.csproj", "{F91C28DE-74B1-4A43-BF77-EA0FAED24F67}"
EndProject
Project("{FAE04EC0-301F-11D3-BF4B-00C04F79EFBC}") = "Day_2", "Day_2\Day_2.csproj", "{5C9664D2-B4C8-49E5-9CC8-3168E1E1B65A}"
EndProject
Project("{FAE04EC0-301F-11D3-BF4B-00C04F79EFBC}") = "Day_3", "Day_3\Day_3.csproj", "{2C847C26-A651-4C71-B673-CF4D511C7817}"
EndProject
Project("{FAE04EC0-301F-11D3-BF4B-00C04F79EFBC}") = "Day_4", "Day_4\Day_4.csproj", "{D64F96A7-353E-4F43-82B4-00A3FCE5F464}"
EndProject
Project("{FAE04EC0-301F-11D3-BF4B-00C04F79EFBC}") = "Day_5", "Day_5\Day_5.csproj", "{86D1DC04-1151-4820-852B-C77B283F2EF6}"
EndProject
Global
	GlobalSection(SolutionConfigurationPlatforms) = preSolution
		Debug|Any CPU = Debug|Any CPU
		Release|Any CPU = Release|Any CPU
	EndGlobalSection
	GlobalSection(ProjectConfigurationPlatforms) = postSolution
		{19B37B53-3BD5-4712-9EE1-CE02CC124448}.Debug|Any CPU.ActiveCfg = Debug|Any CPU
		{19B37B53-3BD5-4712-9EE1-CE02CC124448}.Debug|Any CPU.Build.0 = Debug|Any CPU
		{19B37B53-3BD5-4712-9EE1-CE02CC124448}.Release|Any CPU.ActiveCfg = Release|Any CPU
		{19B37B53-3BD5-4712-9EE1-CE02CC124448}.Release|Any CPU.Build.0 = Release|Any CPU
		{F91C28DE-74B1-4A43-BF77-EA0FAED24F67}.Debug|Any CPU.ActiveCfg = Debug|Any CPU
		{F91C28DE-74B1-4A43-BF77-EA0FAED24F67}.Debug|Any CPU.Build.0 = Debug|Any CPU
		{F91C28DE-74B1-4A43-BF77-EA0FAED24F67}.Release|Any CPU.ActiveCfg = Release|Any CPU
		{F91C28DE-74B1-4A43-BF77-EA0FAED24F67}.Release|Any CPU.Build.0 = Release|Any CPU
		{5C9664D2-B4C8-49E5-9CC8-3168E1E1B65A}.Debug|Any CPU.ActiveCfg = Debug|Any CPU
		{5C9664D2-B4C8-49E5-9CC8-3168E1E1B65A}.Debug|Any CPU.Build.0 = Debug|Any CPU
		{5C9664D2-B4C8-49E5-9CC8-3168E1E1B65A}.Release|Any CPU.ActiveCfg = Release|Any CPU
		{5C9664D2-B4C8-49E5-9CC8-3168E1E1B65A}.Release|Any CPU.Build.0 = Release|Any CPU
		{2C847C26-A651-4C71-B673-CF4D511C7817}.Debug|Any CPU.ActiveCfg = Debug|Any CPU
		{2C847C26-A651-4C71-B673-CF4D511C7817}.Debug|Any CPU.Build.0 = Debug|Any CPU
		{2C847C26-A651-4C71-B673-CF4D511C7817}.Release|Any CPU.ActiveCfg = Release|Any CPU
		{2C847C26-A651-4C71-B673-CF4D511C7817}.Release|Any CPU.Build.0 = Release|Any CPU
		{D64F96A7-353E-4F43-82B4-00A3FCE5F464}.Debug|Any CPU.ActiveCfg = Debug|Any CPU
		{D64F96A7-353E-4F43-82B4-00A3FCE5F464}.Debug|Any CPU.Build.0 = Debug|Any CPU
		{D64F96A7-353E-4F43-82B4-00A3FCE5F464}.Release|Any CPU.ActiveCfg = Release|Any CPU
		{D64F96A7-353E-4F43-82B4-00A3FCE5F464}.Release|Any CPU.Build.0 = Release|Any CPU
		{86D1DC04-1151-4820-852B-C77B283F2EF6}.Debug|Any CPU.ActiveCfg = Debug|Any CPU
		{86D1DC04-1151-4820-852B-C77B283F2EF6}.Debug|Any CPU.Build.0 = Debug|Any CPU
		{86D1DC04-1151-4820-852B-C77B283F2EF6}.Release|Any CPU.ActiveCfg = Release|Any CPU
		{86D1DC04-1151-4820-852B-C77B283F2EF6}.Release|Any CPU.Build.0 = Release|Any CPU
	EndGlobalSection
EndGlobal
