
Microsoft Visual Studio Solution File, Format Version 12.00
Project("{FAE04EC0-301F-11D3-BF4B-00C04F79EFBC}") = "Day_1", "Day_1\Day_1.csproj", "{19B37B53-3BD5-4712-9EE1-CE02CC124448}"
EndProject
Project("{FAE04EC0-301F-11D3-BF4B-00C04F79EFBC}") = "Tests", "Tests\Tests.csproj", "{F91C28DE-74B1-4A43-BF77-EA0FAED24F67}"
EndProject
Project("{FAE04EC0-301F-11D3-BF4B-00C04F79EFBC}") = "Day_2", "Day_2\Day_2.csproj", "{5C9664D2-B4C8-49E5-9CC8-3168E1E1B65A}"
EndProject
Project("{FAE04EC0-301F-11D3-BF4B-00C04F79EFBC}") = "Day_3", "Day_3\Day_3.csproj", "{2C847C26-A651-4C71-B673-CF4D511C7817}"
EndProject
Project("{FAE04EC0-301F-11D3-BF4B-00C04F79EFBC}") = "Day_4", "Day_4\Day_4.csproj", "{D64F96A7-353E-4F43-82B4-00A3FCE5F464}"
EndProject
Project("{FAE04EC0-301F-11D3-BF4B-00C04F79EFBC}") = "Day_5", "Day_5\Day_5.csproj", "{86D1DC04-1151-4820-852B-C77B283F2EF6}"
EndProject
Project("{FAE04EC0-301F-11D3-BF4B-00C04F79EFBC}") = "Day_6", "Day_6\Day_6.csproj", "{84D8FCB4-845E-4ABE-AA1D-E3BB52D2839F}"
EndProject
Project("{FAE04EC0-301F-11D3-BF4B-00C04F79EFBC}") = "Day_7", "Day_7\Day_7.csproj", "{8594855F-ED81-40C0-8916-0DFDA7F6B3C7}"
EndProject
Project("{FAE04EC0-301F-11D3-BF4B-00C04F79EFBC}") = "Day_8", "Day_8\Day_8.csproj", "{0CD7688A-07FB-49AB-86B1-71F49567946A}"
EndProject
Project("{FAE04EC0-301F-11D3-BF4B-00C04F79EFBC}") = "Day_9", "Day_9\Day_9.csproj", "{EA24F783-6148-48FC-B510-9F6B98D1A284}"
EndProject
Project("{FAE04EC0-301F-11D3-BF4B-00C04F79EFBC}") = "Common", "Common\Common.csproj", "{144B7585-CE5E-4A20-9087-4484029B6749}"
EndProject
Project("{FAE04EC0-301F-11D3-BF4B-00C04F79EFBC}") = "Day_10", "Day_10\Day_10.csproj", "{29134C1D-67C6-41DE-B3FA-D30140635C04}"
EndProject
Project("{FAE04EC0-301F-11D3-BF4B-00C04F79EFBC}") = "Day_11", "Day_11\Day_11.csproj", "{6255082A-47AD-44CD-925D-F4E22A5ADFED}"
EndProject
Project("{FAE04EC0-301F-11D3-BF4B-00C04F79EFBC}") = "Day_12", "Day_12\Day_12.csproj", "{527DC74F-70AC-41B1-81DE-48F17DFEF74A}"
EndProject
Global
	GlobalSection(SolutionConfigurationPlatforms) = preSolution
		Debug|Any CPU = Debug|Any CPU
		Release|Any CPU = Release|Any CPU
	EndGlobalSection
	GlobalSection(ProjectConfigurationPlatforms) = postSolution
		{19B37B53-3BD5-4712-9EE1-CE02CC124448}.Debug|Any CPU.ActiveCfg = Debug|Any CPU
		{19B37B53-3BD5-4712-9EE1-CE02CC124448}.Debug|Any CPU.Build.0 = Debug|Any CPU
		{19B37B53-3BD5-4712-9EE1-CE02CC124448}.Release|Any CPU.ActiveCfg = Release|Any CPU
		{19B37B53-3BD5-4712-9EE1-CE02CC124448}.Release|Any CPU.Build.0 = Release|Any CPU
		{F91C28DE-74B1-4A43-BF77-EA0FAED24F67}.Debug|Any CPU.ActiveCfg = Debug|Any CPU
		{F91C28DE-74B1-4A43-BF77-EA0FAED24F67}.Debug|Any CPU.Build.0 = Debug|Any CPU
		{F91C28DE-74B1-4A43-BF77-EA0FAED24F67}.Release|Any CPU.ActiveCfg = Release|Any CPU
		{F91C28DE-74B1-4A43-BF77-EA0FAED24F67}.Release|Any CPU.Build.0 = Release|Any CPU
		{5C9664D2-B4C8-49E5-9CC8-3168E1E1B65A}.Debug|Any CPU.ActiveCfg = Debug|Any CPU
		{5C9664D2-B4C8-49E5-9CC8-3168E1E1B65A}.Debug|Any CPU.Build.0 = Debug|Any CPU
		{5C9664D2-B4C8-49E5-9CC8-3168E1E1B65A}.Release|Any CPU.ActiveCfg = Release|Any CPU
		{5C9664D2-B4C8-49E5-9CC8-3168E1E1B65A}.Release|Any CPU.Build.0 = Release|Any CPU
		{2C847C26-A651-4C71-B673-CF4D511C7817}.Debug|Any CPU.ActiveCfg = Debug|Any CPU
		{2C847C26-A651-4C71-B673-CF4D511C7817}.Debug|Any CPU.Build.0 = Debug|Any CPU
		{2C847C26-A651-4C71-B673-CF4D511C7817}.Release|Any CPU.ActiveCfg = Release|Any CPU
		{2C847C26-A651-4C71-B673-CF4D511C7817}.Release|Any CPU.Build.0 = Release|Any CPU
		{D64F96A7-353E-4F43-82B4-00A3FCE5F464}.Debug|Any CPU.ActiveCfg = Debug|Any CPU
		{D64F96A7-353E-4F43-82B4-00A3FCE5F464}.Debug|Any CPU.Build.0 = Debug|Any CPU
		{D64F96A7-353E-4F43-82B4-00A3FCE5F464}.Release|Any CPU.ActiveCfg = Release|Any CPU
		{D64F96A7-353E-4F43-82B4-00A3FCE5F464}.Release|Any CPU.Build.0 = Release|Any CPU
		{86D1DC04-1151-4820-852B-C77B283F2EF6}.Debug|Any CPU.ActiveCfg = Debug|Any CPU
		{86D1DC04-1151-4820-852B-C77B283F2EF6}.Debug|Any CPU.Build.0 = Debug|Any CPU
		{86D1DC04-1151-4820-852B-C77B283F2EF6}.Release|Any CPU.ActiveCfg = Release|Any CPU
		{86D1DC04-1151-4820-852B-C77B283F2EF6}.Release|Any CPU.Build.0 = Release|Any CPU
		{84D8FCB4-845E-4ABE-AA1D-E3BB52D2839F}.Debug|Any CPU.ActiveCfg = Debug|Any CPU
		{84D8FCB4-845E-4ABE-AA1D-E3BB52D2839F}.Debug|Any CPU.Build.0 = Debug|Any CPU
		{84D8FCB4-845E-4ABE-AA1D-E3BB52D2839F}.Release|Any CPU.ActiveCfg = Release|Any CPU
		{84D8FCB4-845E-4ABE-AA1D-E3BB52D2839F}.Release|Any CPU.Build.0 = Release|Any CPU
		{8594855F-ED81-40C0-8916-0DFDA7F6B3C7}.Debug|Any CPU.ActiveCfg = Debug|Any CPU
		{8594855F-ED81-40C0-8916-0DFDA7F6B3C7}.Debug|Any CPU.Build.0 = Debug|Any CPU
		{8594855F-ED81-40C0-8916-0DFDA7F6B3C7}.Release|Any CPU.ActiveCfg = Release|Any CPU
		{8594855F-ED81-40C0-8916-0DFDA7F6B3C7}.Release|Any CPU.Build.0 = Release|Any CPU
		{0CD7688A-07FB-49AB-86B1-71F49567946A}.Debug|Any CPU.ActiveCfg = Debug|Any CPU
		{0CD7688A-07FB-49AB-86B1-71F49567946A}.Debug|Any CPU.Build.0 = Debug|Any CPU
		{0CD7688A-07FB-49AB-86B1-71F49567946A}.Release|Any CPU.ActiveCfg = Release|Any CPU
		{0CD7688A-07FB-49AB-86B1-71F49567946A}.Release|Any CPU.Build.0 = Release|Any CPU
		{EA24F783-6148-48FC-B510-9F6B98D1A284}.Debug|Any CPU.ActiveCfg = Debug|Any CPU
		{EA24F783-6148-48FC-B510-9F6B98D1A284}.Debug|Any CPU.Build.0 = Debug|Any CPU
		{EA24F783-6148-48FC-B510-9F6B98D1A284}.Release|Any CPU.ActiveCfg = Release|Any CPU
		{EA24F783-6148-48FC-B510-9F6B98D1A284}.Release|Any CPU.Build.0 = Release|Any CPU
		{144B7585-CE5E-4A20-9087-4484029B6749}.Debug|Any CPU.ActiveCfg = Debug|Any CPU
		{144B7585-CE5E-4A20-9087-4484029B6749}.Debug|Any CPU.Build.0 = Debug|Any CPU
		{144B7585-CE5E-4A20-9087-4484029B6749}.Release|Any CPU.ActiveCfg = Release|Any CPU
		{144B7585-CE5E-4A20-9087-4484029B6749}.Release|Any CPU.Build.0 = Release|Any CPU
		{29134C1D-67C6-41DE-B3FA-D30140635C04}.Debug|Any CPU.ActiveCfg = Debug|Any CPU
		{29134C1D-67C6-41DE-B3FA-D30140635C04}.Debug|Any CPU.Build.0 = Debug|Any CPU
		{29134C1D-67C6-41DE-B3FA-D30140635C04}.Release|Any CPU.ActiveCfg = Release|Any CPU
		{29134C1D-67C6-41DE-B3FA-D30140635C04}.Release|Any CPU.Build.0 = Release|Any CPU
		{6255082A-47AD-44CD-925D-F4E22A5ADFED}.Debug|Any CPU.ActiveCfg = Debug|Any CPU
		{6255082A-47AD-44CD-925D-F4E22A5ADFED}.Debug|Any CPU.Build.0 = Debug|Any CPU
		{6255082A-47AD-44CD-925D-F4E22A5ADFED}.Release|Any CPU.ActiveCfg = Release|Any CPU
		{6255082A-47AD-44CD-925D-F4E22A5ADFED}.Release|Any CPU.Build.0 = Release|Any CPU
		{527DC74F-70AC-41B1-81DE-48F17DFEF74A}.Debug|Any CPU.ActiveCfg = Debug|Any CPU
		{527DC74F-70AC-41B1-81DE-48F17DFEF74A}.Debug|Any CPU.Build.0 = Debug|Any CPU
		{527DC74F-70AC-41B1-81DE-48F17DFEF74A}.Release|Any CPU.ActiveCfg = Release|Any CPU
		{527DC74F-70AC-41B1-81DE-48F17DFEF74A}.Release|Any CPU.Build.0 = Release|Any CPU
	EndGlobalSection
EndGlobal
